<?xml version="1.0" encoding="utf-8"?>
<Project ToolsVersion="4.0" xmlns="http://schemas.microsoft.com/developer/msbuild/2003">
  <ItemGroup>
    <Filter Include="Platform">
      <UniqueIdentifier>{2AC788B4-1694-E3BF-3FAD-D1672BD9184E}</UniqueIdentifier>
    </Filter>
    <Filter Include="Platform\OpenGL">
      <UniqueIdentifier>{1E7D2C1D-8A08-9AE1-9319-1DD6FF23F6E1}</UniqueIdentifier>
    </Filter>
    <Filter Include="Platform\Windows">
      <UniqueIdentifier>{64FBD71A-50F4-F66C-7926-DCF1657ED678}</UniqueIdentifier>
    </Filter>
    <Filter Include="TheEngine">
      <UniqueIdentifier>{9CD55E2D-0840-13A4-517E-C449BD27F1F8}</UniqueIdentifier>
    </Filter>
    <Filter Include="TheEngine\Events">
      <UniqueIdentifier>{009A5041-EC92-6F93-15C5-5418011D4F9F}</UniqueIdentifier>
    </Filter>
    <Filter Include="TheEngine\ImGui">
      <UniqueIdentifier>{C60FF0CB-329B-5D90-3BAC-E084A7B6B990}</UniqueIdentifier>
    </Filter>
  </ItemGroup>
  <ItemGroup>
    <ClInclude Include="src\Platform\OpenGL\ImGuiOpenGLRenderer.h">
      <Filter>Platform\OpenGL</Filter>
    </ClInclude>
    <ClInclude Include="src\Platform\Windows\WindowsWindow.h">
      <Filter>Platform\Windows</Filter>
    </ClInclude>
    <ClInclude Include="src\TheEngine.h" />
    <ClInclude Include="src\TheEngine\Application.h">
      <Filter>TheEngine</Filter>
    </ClInclude>
    <ClInclude Include="src\TheEngine\Core.h">
      <Filter>TheEngine</Filter>
    </ClInclude>
    <ClInclude Include="src\TheEngine\EntryPoint.h">
      <Filter>TheEngine</Filter>
    </ClInclude>
    <ClInclude Include="src\TheEngine\Events\ApplicationEvent.h">
      <Filter>TheEngine\Events</Filter>
    </ClInclude>
    <ClInclude Include="src\TheEngine\Events\Event.h">
      <Filter>TheEngine\Events</Filter>
    </ClInclude>
    <ClInclude Include="src\TheEngine\Events\KeyEvent.h">
      <Filter>TheEngine\Events</Filter>
    </ClInclude>
    <ClInclude Include="src\TheEngine\Events\MouseEvent.h">
      <Filter>TheEngine\Events</Filter>
    </ClInclude>
    <ClInclude Include="src\TheEngine\ImGui\ImGuiLayer.h">
      <Filter>TheEngine\ImGui</Filter>
    </ClInclude>
    <ClInclude Include="src\TheEngine\Layer.h">
      <Filter>TheEngine</Filter>
    </ClInclude>
    <ClInclude Include="src\TheEngine\LayerStack.h">
      <Filter>TheEngine</Filter>
    </ClInclude>
    <ClInclude Include="src\TheEngine\Log.h">
      <Filter>TheEngine</Filter>
    </ClInclude>
    <ClInclude Include="src\TheEngine\Window.h">
      <Filter>TheEngine</Filter>
    </ClInclude>
    <ClInclude Include="src\tepch.h" />
    <ClInclude Include="src\TheEngine\Input.h" />
    <ClInclude Include="src\Platform\Windows\WindowsInput.h" />
    <ClInclude Include="src\TheEngine\KeyCodes.h" />
    <ClInclude Include="src\TheEngine\MouseButtonCodes.h" />
  </ItemGroup>
  <ItemGroup>
    <ClCompile Include="src\Platform\OpenGL\ImGuiOpenGLRenderer.cpp">
      <Filter>Platform\OpenGL</Filter>
    </ClCompile>
    <ClCompile Include="src\Platform\Windows\WindowsWindow.cpp">
      <Filter>Platform\Windows</Filter>
    </ClCompile>
    <ClCompile Include="src\TheEngine\Application.cpp">
      <Filter>TheEngine</Filter>
    </ClCompile>
    <ClCompile Include="src\TheEngine\ImGui\ImGuiLayer.cpp">
      <Filter>TheEngine\ImGui</Filter>
    </ClCompile>
    <ClCompile Include="src\TheEngine\Layer.cpp">
      <Filter>TheEngine</Filter>
    </ClCompile>
    <ClCompile Include="src\TheEngine\LayerStack.cpp">
      <Filter>TheEngine</Filter>
    </ClCompile>
    <ClCompile Include="src\TheEngine\Log.cpp">
      <Filter>TheEngine</Filter>
    </ClCompile>
    <ClCompile Include="src\tepch.cpp" />
    <ClCompile Include="src\Platform\Windows\WindowsInput.cpp" />
  </ItemGroup>
</Project>